
Microsoft Visual Studio Solution File, Format Version 12.00
# Visual Studio Version 16
VisualStudioVersion = 16.0.29613.14
MinimumVisualStudioVersion = 10.0.40219.1
Project("{FAE04EC0-301F-11D3-BF4B-00C04F79EFBC}") = "MvcMovies", "MvcMovies.csproj", "{1E05920B-5DAE-49BF-AEC0-4837EE686925}"
EndProject
Global
	GlobalSection(SolutionConfigurationPlatforms) = preSolution
		Debug|Any CPU = Debug|Any CPU
		Release|Any CPU = Release|Any CPU
	EndGlobalSection
	GlobalSection(ProjectConfigurationPlatforms) = postSolution
		{1E05920B-5DAE-49BF-AEC0-4837EE686925}.Debug|Any CPU.ActiveCfg = Debug|Any CPU
		{1E05920B-5DAE-49BF-AEC0-4837EE686925}.Debug|Any CPU.Build.0 = Debug|Any CPU
		{1E05920B-5DAE-49BF-AEC0-4837EE686925}.Release|Any CPU.ActiveCfg = Release|Any CPU
		{1E05920B-5DAE-49BF-AEC0-4837EE686925}.Release|Any CPU.Build.0 = Release|Any CPU
	EndGlobalSection
	GlobalSection(SolutionProperties) = preSolution
		HideSolutionNode = FALSE
	EndGlobalSection
	GlobalSection(ExtensibilityGlobals) = postSolution
		SolutionGuid = {F4EB0989-38E6-43D0-9667-81E90B06F5F7}
	EndGlobalSection
EndGlobal
